
Microsoft Visual Studio Solution File, Format Version 12.00
# Visual Studio Version 17
VisualStudioVersion = 17.3.32929.385
MinimumVisualStudioVersion = 10.0.40219.1
Project("{FAE04EC0-301F-11D3-BF4B-00C04F79EFBC}") = "BackEnd-ejemplo1", "BackEnd-ejemplo1\BackEnd-ejemplo1.csproj", "{213C5399-5B5F-4093-B99E-6AEA482A4943}"
EndProject
Global
	GlobalSection(SolutionConfigurationPlatforms) = preSolution
		Debug|Any CPU = Debug|Any CPU
		Release|Any CPU = Release|Any CPU
	EndGlobalSection
	GlobalSection(ProjectConfigurationPlatforms) = postSolution
		{213C5399-5B5F-4093-B99E-6AEA482A4943}.Debug|Any CPU.ActiveCfg = Debug|Any CPU
		{213C5399-5B5F-4093-B99E-6AEA482A4943}.Debug|Any CPU.Build.0 = Debug|Any CPU
		{213C5399-5B5F-4093-B99E-6AEA482A4943}.Release|Any CPU.ActiveCfg = Release|Any CPU
		{213C5399-5B5F-4093-B99E-6AEA482A4943}.Release|Any CPU.Build.0 = Release|Any CPU
	EndGlobalSection
	GlobalSection(SolutionProperties) = preSolution
		HideSolutionNode = FALSE
	EndGlobalSection
	GlobalSection(ExtensibilityGlobals) = postSolution
		SolutionGuid = {ECAE7EB6-48AD-4E33-A608-BB2ADA7B86AE}
	EndGlobalSection
EndGlobal
